
Microsoft Visual Studio Solution File, Format Version 12.00
# Visual Studio Version 16
VisualStudioVersion = 16.0.32802.440
MinimumVisualStudioVersion = 10.0.40219.1
Project("{FAE04EC0-301F-11D3-BF4B-00C04F79EFBC}") = "CollectionGenerics", "CollectionGenerics\CollectionGenerics.csproj", "{FCD018D6-B4AC-49D2-A8EC-062EF6F4910E}"
EndProject
Global
	GlobalSection(SolutionConfigurationPlatforms) = preSolution
		Debug|Any CPU = Debug|Any CPU
		Release|Any CPU = Release|Any CPU
	EndGlobalSection
	GlobalSection(ProjectConfigurationPlatforms) = postSolution
		{FCD018D6-B4AC-49D2-A8EC-062EF6F4910E}.Debug|Any CPU.ActiveCfg = Debug|Any CPU
		{FCD018D6-B4AC-49D2-A8EC-062EF6F4910E}.Debug|Any CPU.Build.0 = Debug|Any CPU
		{FCD018D6-B4AC-49D2-A8EC-062EF6F4910E}.Release|Any CPU.ActiveCfg = Release|Any CPU
		{FCD018D6-B4AC-49D2-A8EC-062EF6F4910E}.Release|Any CPU.Build.0 = Release|Any CPU
	EndGlobalSection
	GlobalSection(SolutionProperties) = preSolution
		HideSolutionNode = FALSE
	EndGlobalSection
	GlobalSection(ExtensibilityGlobals) = postSolution
		SolutionGuid = {81D24A7A-D839-46A1-B188-BCE78EC9FE0E}
	EndGlobalSection
EndGlobal
